
Microsoft Visual Studio Solution File, Format Version 12.00
# Visual Studio 15
VisualStudioVersion = 15.0.27130.2010
MinimumVisualStudioVersion = 10.0.40219.1
Project("{2150E333-8FDC-42A3-9474-1A3956D46DE8}") = "Main", "Main", "{00F3111B-5104-4C7D-90A0-B287E2D3907E}"
EndProject
Project("{2150E333-8FDC-42A3-9474-1A3956D46DE8}") = "Shared", "Shared", "{9E7E6D08-CF0A-457F-AA5D-B0D40223B152}"
EndProject
Project("{FAE04EC0-301F-11D3-BF4B-00C04F79EFBC}") = "AutomationSystem.Shared.Model", "AutomationSystem.Shared.Model\AutomationSystem.Shared.Model.csproj", "{56F544A1-C8D2-4282-825A-71D2CC369A29}"
EndProject
Project("{FAE04EC0-301F-11D3-BF4B-00C04F79EFBC}") = "AutomationSystem.Main.Model", "AutomationSystem.Main.Model\AutomationSystem.Main.Model.csproj", "{828EC2CD-7D76-4541-8F06-B31E73601609}"
EndProject
Project("{FAE04EC0-301F-11D3-BF4B-00C04F79EFBC}") = "AutomationSystem.Main.Web", "AutomationSystem.Main.Web\AutomationSystem.Main.Web.csproj", "{BE87B82B-230F-48E4-AF41-C59D31E76DA1}"
EndProject
Project("{FAE04EC0-301F-11D3-BF4B-00C04F79EFBC}") = "AutomationSystem.Shared.Core", "AutomationSystem.Shared.Core\AutomationSystem.Shared.Core.csproj", "{C4900299-8A17-4962-8E1D-FE6793F34406}"
EndProject
Project("{FAE04EC0-301F-11D3-BF4B-00C04F79EFBC}") = "AutomationSystem.Main.Core", "AutomationSystem.Main.Core\AutomationSystem.Main.Core.csproj", "{18174580-3FC3-4A10-9E50-C328603BF656}"
EndProject
Project("{2150E333-8FDC-42A3-9474-1A3956D46DE8}") = "WebJobs", "WebJobs", "{8EEB1389-C1B4-4F96-A56F-E490CFB79E43}"
EndProject
Project("{FAE04EC0-301F-11D3-BF4B-00C04F79EFBC}") = "PerfectlyMadeInc.WebEx", "PerfectlyMadeInc.WebEx\PerfectlyMadeInc.WebEx.csproj", "{8D8C5BAA-6660-4D99-889B-301DDA952EC6}"
EndProject
Project("{9A19103F-16F7-4668-BE54-9A1E7A4F7556}") = "PerfectlyMadeInc.DesignTools.Contract", "PerfectlyMadeInc.DesignTools.Contract\PerfectlyMadeInc.DesignTools.Contract.csproj", "{0868F547-F2AB-4BB5-AD56-B1A6D31F8F93}"
EndProject
Project("{9A19103F-16F7-4668-BE54-9A1E7A4F7556}") = "PerfectlyMadeInc.DesignTools", "PerfectlyMadeInc.DesignTools\PerfectlyMadeInc.DesignTools.csproj", "{24FE6BFA-ED67-4582-AC73-4BF65D332216}"
EndProject
Project("{9A19103F-16F7-4668-BE54-9A1E7A4F7556}") = "PerfectlyMadeInc.DesignTools.Tests", "PerfectlyMadeInc.DesignTools.Tests\PerfectlyMadeInc.DesignTools.Tests.csproj", "{C2B34086-50BA-4CE5-A242-6C9CBDB69971}"
EndProject
Project("{9A19103F-16F7-4668-BE54-9A1E7A4F7556}") = "AutomationSystem.Shared.Contract", "AutomationSystem.Shared.Contract\AutomationSystem.Shared.Contract.csproj", "{3D11A1A6-698E-47D3-B1AB-AF80BB62408B}"
EndProject
Project("{9A19103F-16F7-4668-BE54-9A1E7A4F7556}") = "AutomationSystem.Base.Contract", "AutomationSystem.Base.Contract\AutomationSystem.Base.Contract.csproj", "{C359A55F-F29D-4B9D-905E-39F94684674D}"
EndProject
Project("{9A19103F-16F7-4668-BE54-9A1E7A4F7556}") = "PerfectlyMadeInc.Helpers", "PerfectlyMadeInc.Helpers\PerfectlyMadeInc.Helpers.csproj", "{FADACD04-2834-48EA-9223-6315ECA4EB09}"
EndProject
Project("{2150E333-8FDC-42A3-9474-1A3956D46DE8}") = "PerfectlyMadeInc", "PerfectlyMadeInc", "{F21956B6-C281-4E18-8DA3-1DB0FCF6C5BD}"
EndProject
Project("{9A19103F-16F7-4668-BE54-9A1E7A4F7556}") = "PerfectlyMadeInc.WebEx.Contract", "PerfectlyMadeInc.WebEx.Contract\PerfectlyMadeInc.WebEx.Contract.csproj", "{EDB1F9E1-E3DC-4E78-B14B-3BA27C4B3F6D}"
EndProject
Project("{9A19103F-16F7-4668-BE54-9A1E7A4F7556}") = "AutomationSystem.Main.Tests", "AutomationSystem.Main.Tests\AutomationSystem.Main.Tests.csproj", "{94A79B8F-3604-423B-A6AC-1E1D19B11DB5}"
EndProject
Project("{9A19103F-16F7-4668-BE54-9A1E7A4F7556}") = "AutomationSystem.Console", "AutomationSystem.Console\AutomationSystem.Console.csproj", "{C564A533-4296-4437-8D36-76983793E580}"
EndProject
Project("{9A19103F-16F7-4668-BE54-9A1E7A4F7556}") = "JobRunsEnvelope", "JobRunsEnvelope\JobRunsEnvelope.csproj", "{132D225F-CD88-4841-B489-4B12ED7FCC31}"
EndProject
Project("{9A19103F-16F7-4668-BE54-9A1E7A4F7556}") = "PerfectlyMadeInc.Helpers.Contract", "PerfectlyMadeInc.Helpers.Contract\PerfectlyMadeInc.Helpers.Contract.csproj", "{7F634D5F-97E1-49E2-8EFE-42F042B3334E}"
EndProject
Project("{9A19103F-16F7-4668-BE54-9A1E7A4F7556}") = "AutomationSystem.Main.Contract", "AutomationSystem.Main.Contract\AutomationSystem.Main.Contract.csproj", "{35CE4262-D6E3-4A42-995E-6BC936E165DF}"
EndProject
Project("{FAE04EC0-301F-11D3-BF4B-00C04F79EFBC}") = "AutomationSystem.Shared.Tests", "AutomationSystem.Shared.Tests\AutomationSystem.Shared.Tests.csproj", "{AA00DCC0-85D3-4FCD-9E20-A1B76E4EC7AB}"
EndProject
Global
	GlobalSection(SolutionConfigurationPlatforms) = preSolution
		Debug|Any CPU = Debug|Any CPU
		DebugMvasProd|Any CPU = DebugMvasProd|Any CPU
		MvasProd|Any CPU = MvasProd|Any CPU
		MvasProdDebug|Any CPU = MvasProdDebug|Any CPU
		MvasTest|Any CPU = MvasTest|Any CPU
		Release|Any CPU = Release|Any CPU
	EndGlobalSection
	GlobalSection(ProjectConfigurationPlatforms) = postSolution
		{56F544A1-C8D2-4282-825A-71D2CC369A29}.Debug|Any CPU.ActiveCfg = Debug|Any CPU
		{56F544A1-C8D2-4282-825A-71D2CC369A29}.Debug|Any CPU.Build.0 = Debug|Any CPU
		{56F544A1-C8D2-4282-825A-71D2CC369A29}.DebugMvasProd|Any CPU.ActiveCfg = DebugMvasProd|Any CPU
		{56F544A1-C8D2-4282-825A-71D2CC369A29}.DebugMvasProd|Any CPU.Build.0 = DebugMvasProd|Any CPU
		{56F544A1-C8D2-4282-825A-71D2CC369A29}.MvasProd|Any CPU.ActiveCfg = MvasProd|Any CPU
		{56F544A1-C8D2-4282-825A-71D2CC369A29}.MvasProd|Any CPU.Build.0 = MvasProd|Any CPU
		{56F544A1-C8D2-4282-825A-71D2CC369A29}.MvasProdDebug|Any CPU.ActiveCfg = MvasProdDebug|Any CPU
		{56F544A1-C8D2-4282-825A-71D2CC369A29}.MvasProdDebug|Any CPU.Build.0 = MvasProdDebug|Any CPU
		{56F544A1-C8D2-4282-825A-71D2CC369A29}.MvasTest|Any CPU.ActiveCfg = MvasTest|Any CPU
		{56F544A1-C8D2-4282-825A-71D2CC369A29}.MvasTest|Any CPU.Build.0 = MvasTest|Any CPU
		{56F544A1-C8D2-4282-825A-71D2CC369A29}.Release|Any CPU.ActiveCfg = Release|Any CPU
		{56F544A1-C8D2-4282-825A-71D2CC369A29}.Release|Any CPU.Build.0 = Release|Any CPU
		{828EC2CD-7D76-4541-8F06-B31E73601609}.Debug|Any CPU.ActiveCfg = Debug|Any CPU
		{828EC2CD-7D76-4541-8F06-B31E73601609}.Debug|Any CPU.Build.0 = Debug|Any CPU
		{828EC2CD-7D76-4541-8F06-B31E73601609}.DebugMvasProd|Any CPU.ActiveCfg = DebugMvasProd|Any CPU
		{828EC2CD-7D76-4541-8F06-B31E73601609}.DebugMvasProd|Any CPU.Build.0 = DebugMvasProd|Any CPU
		{828EC2CD-7D76-4541-8F06-B31E73601609}.MvasProd|Any CPU.ActiveCfg = MvasProd|Any CPU
		{828EC2CD-7D76-4541-8F06-B31E73601609}.MvasProd|Any CPU.Build.0 = MvasProd|Any CPU
		{828EC2CD-7D76-4541-8F06-B31E73601609}.MvasProdDebug|Any CPU.ActiveCfg = MvasProdDebug|Any CPU
		{828EC2CD-7D76-4541-8F06-B31E73601609}.MvasProdDebug|Any CPU.Build.0 = MvasProdDebug|Any CPU
		{828EC2CD-7D76-4541-8F06-B31E73601609}.MvasTest|Any CPU.ActiveCfg = MvasTest|Any CPU
		{828EC2CD-7D76-4541-8F06-B31E73601609}.MvasTest|Any CPU.Build.0 = MvasTest|Any CPU
		{828EC2CD-7D76-4541-8F06-B31E73601609}.Release|Any CPU.ActiveCfg = Release|Any CPU
		{828EC2CD-7D76-4541-8F06-B31E73601609}.Release|Any CPU.Build.0 = Release|Any CPU
		{BE87B82B-230F-48E4-AF41-C59D31E76DA1}.Debug|Any CPU.ActiveCfg = Debug|Any CPU
		{BE87B82B-230F-48E4-AF41-C59D31E76DA1}.Debug|Any CPU.Build.0 = Debug|Any CPU
		{BE87B82B-230F-48E4-AF41-C59D31E76DA1}.DebugMvasProd|Any CPU.ActiveCfg = DebugMvasProd|Any CPU
		{BE87B82B-230F-48E4-AF41-C59D31E76DA1}.DebugMvasProd|Any CPU.Build.0 = DebugMvasProd|Any CPU
		{BE87B82B-230F-48E4-AF41-C59D31E76DA1}.MvasProd|Any CPU.ActiveCfg = MvasProd|Any CPU
		{BE87B82B-230F-48E4-AF41-C59D31E76DA1}.MvasProd|Any CPU.Build.0 = MvasProd|Any CPU
		{BE87B82B-230F-48E4-AF41-C59D31E76DA1}.MvasProdDebug|Any CPU.ActiveCfg = MvasProdDebug|Any CPU
		{BE87B82B-230F-48E4-AF41-C59D31E76DA1}.MvasProdDebug|Any CPU.Build.0 = MvasProdDebug|Any CPU
		{BE87B82B-230F-48E4-AF41-C59D31E76DA1}.MvasTest|Any CPU.ActiveCfg = MvasTest|Any CPU
		{BE87B82B-230F-48E4-AF41-C59D31E76DA1}.MvasTest|Any CPU.Build.0 = MvasTest|Any CPU
		{BE87B82B-230F-48E4-AF41-C59D31E76DA1}.Release|Any CPU.ActiveCfg = Release|Any CPU
		{BE87B82B-230F-48E4-AF41-C59D31E76DA1}.Release|Any CPU.Build.0 = Release|Any CPU
		{C4900299-8A17-4962-8E1D-FE6793F34406}.Debug|Any CPU.ActiveCfg = Debug|Any CPU
		{C4900299-8A17-4962-8E1D-FE6793F34406}.Debug|Any CPU.Build.0 = Debug|Any CPU
		{C4900299-8A17-4962-8E1D-FE6793F34406}.DebugMvasProd|Any CPU.ActiveCfg = DebugMvasProd|Any CPU
		{C4900299-8A17-4962-8E1D-FE6793F34406}.DebugMvasProd|Any CPU.Build.0 = DebugMvasProd|Any CPU
		{C4900299-8A17-4962-8E1D-FE6793F34406}.MvasProd|Any CPU.ActiveCfg = MvasProd|Any CPU
		{C4900299-8A17-4962-8E1D-FE6793F34406}.MvasProd|Any CPU.Build.0 = MvasProd|Any CPU
		{C4900299-8A17-4962-8E1D-FE6793F34406}.MvasProdDebug|Any CPU.ActiveCfg = MvasProdDebug|Any CPU
		{C4900299-8A17-4962-8E1D-FE6793F34406}.MvasProdDebug|Any CPU.Build.0 = MvasProdDebug|Any CPU
		{C4900299-8A17-4962-8E1D-FE6793F34406}.MvasTest|Any CPU.ActiveCfg = MvasTest|Any CPU
		{C4900299-8A17-4962-8E1D-FE6793F34406}.MvasTest|Any CPU.Build.0 = MvasTest|Any CPU
		{C4900299-8A17-4962-8E1D-FE6793F34406}.Release|Any CPU.ActiveCfg = Release|Any CPU
		{C4900299-8A17-4962-8E1D-FE6793F34406}.Release|Any CPU.Build.0 = Release|Any CPU
		{18174580-3FC3-4A10-9E50-C328603BF656}.Debug|Any CPU.ActiveCfg = Debug|Any CPU
		{18174580-3FC3-4A10-9E50-C328603BF656}.Debug|Any CPU.Build.0 = Debug|Any CPU
		{18174580-3FC3-4A10-9E50-C328603BF656}.DebugMvasProd|Any CPU.ActiveCfg = DebugMvasProd|Any CPU
		{18174580-3FC3-4A10-9E50-C328603BF656}.DebugMvasProd|Any CPU.Build.0 = DebugMvasProd|Any CPU
		{18174580-3FC3-4A10-9E50-C328603BF656}.MvasProd|Any CPU.ActiveCfg = MvasProd|Any CPU
		{18174580-3FC3-4A10-9E50-C328603BF656}.MvasProd|Any CPU.Build.0 = MvasProd|Any CPU
		{18174580-3FC3-4A10-9E50-C328603BF656}.MvasProdDebug|Any CPU.ActiveCfg = MvasProdDebug|Any CPU
		{18174580-3FC3-4A10-9E50-C328603BF656}.MvasProdDebug|Any CPU.Build.0 = MvasProdDebug|Any CPU
		{18174580-3FC3-4A10-9E50-C328603BF656}.MvasTest|Any CPU.ActiveCfg = MvasTest|Any CPU
		{18174580-3FC3-4A10-9E50-C328603BF656}.MvasTest|Any CPU.Build.0 = MvasTest|Any CPU
		{18174580-3FC3-4A10-9E50-C328603BF656}.Release|Any CPU.ActiveCfg = Release|Any CPU
		{18174580-3FC3-4A10-9E50-C328603BF656}.Release|Any CPU.Build.0 = Release|Any CPU
		{8D8C5BAA-6660-4D99-889B-301DDA952EC6}.Debug|Any CPU.ActiveCfg = Debug|Any CPU
		{8D8C5BAA-6660-4D99-889B-301DDA952EC6}.Debug|Any CPU.Build.0 = Debug|Any CPU
		{8D8C5BAA-6660-4D99-889B-301DDA952EC6}.DebugMvasProd|Any CPU.ActiveCfg = DebugMvasProd|Any CPU
		{8D8C5BAA-6660-4D99-889B-301DDA952EC6}.DebugMvasProd|Any CPU.Build.0 = DebugMvasProd|Any CPU
		{8D8C5BAA-6660-4D99-889B-301DDA952EC6}.MvasProd|Any CPU.ActiveCfg = Release|Any CPU
		{8D8C5BAA-6660-4D99-889B-301DDA952EC6}.MvasProd|Any CPU.Build.0 = Release|Any CPU
		{8D8C5BAA-6660-4D99-889B-301DDA952EC6}.MvasProdDebug|Any CPU.ActiveCfg = MvasProdDebug|Any CPU
		{8D8C5BAA-6660-4D99-889B-301DDA952EC6}.MvasProdDebug|Any CPU.Build.0 = MvasProdDebug|Any CPU
		{8D8C5BAA-6660-4D99-889B-301DDA952EC6}.MvasTest|Any CPU.ActiveCfg = MvasTest|Any CPU
		{8D8C5BAA-6660-4D99-889B-301DDA952EC6}.MvasTest|Any CPU.Build.0 = MvasTest|Any CPU
		{8D8C5BAA-6660-4D99-889B-301DDA952EC6}.Release|Any CPU.ActiveCfg = Release|Any CPU
		{8D8C5BAA-6660-4D99-889B-301DDA952EC6}.Release|Any CPU.Build.0 = Release|Any CPU
		{0868F547-F2AB-4BB5-AD56-B1A6D31F8F93}.Debug|Any CPU.ActiveCfg = Debug|Any CPU
		{0868F547-F2AB-4BB5-AD56-B1A6D31F8F93}.Debug|Any CPU.Build.0 = Debug|Any CPU
		{0868F547-F2AB-4BB5-AD56-B1A6D31F8F93}.DebugMvasProd|Any CPU.ActiveCfg = Debug|Any CPU
		{0868F547-F2AB-4BB5-AD56-B1A6D31F8F93}.DebugMvasProd|Any CPU.Build.0 = Debug|Any CPU
		{0868F547-F2AB-4BB5-AD56-B1A6D31F8F93}.MvasProd|Any CPU.ActiveCfg = Debug|Any CPU
		{0868F547-F2AB-4BB5-AD56-B1A6D31F8F93}.MvasProd|Any CPU.Build.0 = Debug|Any CPU
		{0868F547-F2AB-4BB5-AD56-B1A6D31F8F93}.MvasProdDebug|Any CPU.ActiveCfg = Debug|Any CPU
		{0868F547-F2AB-4BB5-AD56-B1A6D31F8F93}.MvasProdDebug|Any CPU.Build.0 = Debug|Any CPU
		{0868F547-F2AB-4BB5-AD56-B1A6D31F8F93}.MvasTest|Any CPU.ActiveCfg = Debug|Any CPU
		{0868F547-F2AB-4BB5-AD56-B1A6D31F8F93}.MvasTest|Any CPU.Build.0 = Debug|Any CPU
		{0868F547-F2AB-4BB5-AD56-B1A6D31F8F93}.Release|Any CPU.ActiveCfg = Release|Any CPU
		{0868F547-F2AB-4BB5-AD56-B1A6D31F8F93}.Release|Any CPU.Build.0 = Release|Any CPU
		{24FE6BFA-ED67-4582-AC73-4BF65D332216}.Debug|Any CPU.ActiveCfg = Debug|Any CPU
		{24FE6BFA-ED67-4582-AC73-4BF65D332216}.Debug|Any CPU.Build.0 = Debug|Any CPU
		{24FE6BFA-ED67-4582-AC73-4BF65D332216}.DebugMvasProd|Any CPU.ActiveCfg = Debug|Any CPU
		{24FE6BFA-ED67-4582-AC73-4BF65D332216}.DebugMvasProd|Any CPU.Build.0 = Debug|Any CPU
		{24FE6BFA-ED67-4582-AC73-4BF65D332216}.MvasProd|Any CPU.ActiveCfg = Debug|Any CPU
		{24FE6BFA-ED67-4582-AC73-4BF65D332216}.MvasProd|Any CPU.Build.0 = Debug|Any CPU
		{24FE6BFA-ED67-4582-AC73-4BF65D332216}.MvasProdDebug|Any CPU.ActiveCfg = Debug|Any CPU
		{24FE6BFA-ED67-4582-AC73-4BF65D332216}.MvasProdDebug|Any CPU.Build.0 = Debug|Any CPU
		{24FE6BFA-ED67-4582-AC73-4BF65D332216}.MvasTest|Any CPU.ActiveCfg = Debug|Any CPU
		{24FE6BFA-ED67-4582-AC73-4BF65D332216}.MvasTest|Any CPU.Build.0 = Debug|Any CPU
		{24FE6BFA-ED67-4582-AC73-4BF65D332216}.Release|Any CPU.ActiveCfg = Release|Any CPU
		{24FE6BFA-ED67-4582-AC73-4BF65D332216}.Release|Any CPU.Build.0 = Release|Any CPU
		{C2B34086-50BA-4CE5-A242-6C9CBDB69971}.Debug|Any CPU.ActiveCfg = Debug|Any CPU
		{C2B34086-50BA-4CE5-A242-6C9CBDB69971}.Debug|Any CPU.Build.0 = Debug|Any CPU
		{C2B34086-50BA-4CE5-A242-6C9CBDB69971}.DebugMvasProd|Any CPU.ActiveCfg = Debug|Any CPU
		{C2B34086-50BA-4CE5-A242-6C9CBDB69971}.DebugMvasProd|Any CPU.Build.0 = Debug|Any CPU
		{C2B34086-50BA-4CE5-A242-6C9CBDB69971}.MvasProd|Any CPU.ActiveCfg = Debug|Any CPU
		{C2B34086-50BA-4CE5-A242-6C9CBDB69971}.MvasProd|Any CPU.Build.0 = Debug|Any CPU
		{C2B34086-50BA-4CE5-A242-6C9CBDB69971}.MvasProdDebug|Any CPU.ActiveCfg = Debug|Any CPU
		{C2B34086-50BA-4CE5-A242-6C9CBDB69971}.MvasProdDebug|Any CPU.Build.0 = Debug|Any CPU
		{C2B34086-50BA-4CE5-A242-6C9CBDB69971}.MvasTest|Any CPU.ActiveCfg = Debug|Any CPU
		{C2B34086-50BA-4CE5-A242-6C9CBDB69971}.MvasTest|Any CPU.Build.0 = Debug|Any CPU
		{C2B34086-50BA-4CE5-A242-6C9CBDB69971}.Release|Any CPU.ActiveCfg = Release|Any CPU
		{C2B34086-50BA-4CE5-A242-6C9CBDB69971}.Release|Any CPU.Build.0 = Release|Any CPU
		{3D11A1A6-698E-47D3-B1AB-AF80BB62408B}.Debug|Any CPU.ActiveCfg = Debug|Any CPU
		{3D11A1A6-698E-47D3-B1AB-AF80BB62408B}.Debug|Any CPU.Build.0 = Debug|Any CPU
		{3D11A1A6-698E-47D3-B1AB-AF80BB62408B}.DebugMvasProd|Any CPU.ActiveCfg = Debug|Any CPU
		{3D11A1A6-698E-47D3-B1AB-AF80BB62408B}.DebugMvasProd|Any CPU.Build.0 = Debug|Any CPU
		{3D11A1A6-698E-47D3-B1AB-AF80BB62408B}.MvasProd|Any CPU.ActiveCfg = Debug|Any CPU
		{3D11A1A6-698E-47D3-B1AB-AF80BB62408B}.MvasProd|Any CPU.Build.0 = Debug|Any CPU
		{3D11A1A6-698E-47D3-B1AB-AF80BB62408B}.MvasProdDebug|Any CPU.ActiveCfg = Debug|Any CPU
		{3D11A1A6-698E-47D3-B1AB-AF80BB62408B}.MvasProdDebug|Any CPU.Build.0 = Debug|Any CPU
		{3D11A1A6-698E-47D3-B1AB-AF80BB62408B}.MvasTest|Any CPU.ActiveCfg = Debug|Any CPU
		{3D11A1A6-698E-47D3-B1AB-AF80BB62408B}.MvasTest|Any CPU.Build.0 = Debug|Any CPU
		{3D11A1A6-698E-47D3-B1AB-AF80BB62408B}.Release|Any CPU.ActiveCfg = Release|Any CPU
		{3D11A1A6-698E-47D3-B1AB-AF80BB62408B}.Release|Any CPU.Build.0 = Release|Any CPU
		{C359A55F-F29D-4B9D-905E-39F94684674D}.Debug|Any CPU.ActiveCfg = Debug|Any CPU
		{C359A55F-F29D-4B9D-905E-39F94684674D}.Debug|Any CPU.Build.0 = Debug|Any CPU
		{C359A55F-F29D-4B9D-905E-39F94684674D}.DebugMvasProd|Any CPU.ActiveCfg = Debug|Any CPU
		{C359A55F-F29D-4B9D-905E-39F94684674D}.DebugMvasProd|Any CPU.Build.0 = Debug|Any CPU
		{C359A55F-F29D-4B9D-905E-39F94684674D}.MvasProd|Any CPU.ActiveCfg = Debug|Any CPU
		{C359A55F-F29D-4B9D-905E-39F94684674D}.MvasProd|Any CPU.Build.0 = Debug|Any CPU
		{C359A55F-F29D-4B9D-905E-39F94684674D}.MvasProdDebug|Any CPU.ActiveCfg = Debug|Any CPU
		{C359A55F-F29D-4B9D-905E-39F94684674D}.MvasProdDebug|Any CPU.Build.0 = Debug|Any CPU
		{C359A55F-F29D-4B9D-905E-39F94684674D}.MvasTest|Any CPU.ActiveCfg = Debug|Any CPU
		{C359A55F-F29D-4B9D-905E-39F94684674D}.MvasTest|Any CPU.Build.0 = Debug|Any CPU
		{C359A55F-F29D-4B9D-905E-39F94684674D}.Release|Any CPU.ActiveCfg = Release|Any CPU
		{C359A55F-F29D-4B9D-905E-39F94684674D}.Release|Any CPU.Build.0 = Release|Any CPU
		{FADACD04-2834-48EA-9223-6315ECA4EB09}.Debug|Any CPU.ActiveCfg = Debug|Any CPU
		{FADACD04-2834-48EA-9223-6315ECA4EB09}.Debug|Any CPU.Build.0 = Debug|Any CPU
		{FADACD04-2834-48EA-9223-6315ECA4EB09}.DebugMvasProd|Any CPU.ActiveCfg = Debug|Any CPU
		{FADACD04-2834-48EA-9223-6315ECA4EB09}.DebugMvasProd|Any CPU.Build.0 = Debug|Any CPU
		{FADACD04-2834-48EA-9223-6315ECA4EB09}.MvasProd|Any CPU.ActiveCfg = Debug|Any CPU
		{FADACD04-2834-48EA-9223-6315ECA4EB09}.MvasProd|Any CPU.Build.0 = Debug|Any CPU
		{FADACD04-2834-48EA-9223-6315ECA4EB09}.MvasProdDebug|Any CPU.ActiveCfg = Debug|Any CPU
		{FADACD04-2834-48EA-9223-6315ECA4EB09}.MvasProdDebug|Any CPU.Build.0 = Debug|Any CPU
		{FADACD04-2834-48EA-9223-6315ECA4EB09}.MvasTest|Any CPU.ActiveCfg = Debug|Any CPU
		{FADACD04-2834-48EA-9223-6315ECA4EB09}.MvasTest|Any CPU.Build.0 = Debug|Any CPU
		{FADACD04-2834-48EA-9223-6315ECA4EB09}.Release|Any CPU.ActiveCfg = Release|Any CPU
		{FADACD04-2834-48EA-9223-6315ECA4EB09}.Release|Any CPU.Build.0 = Release|Any CPU
		{EDB1F9E1-E3DC-4E78-B14B-3BA27C4B3F6D}.Debug|Any CPU.ActiveCfg = Debug|Any CPU
		{EDB1F9E1-E3DC-4E78-B14B-3BA27C4B3F6D}.Debug|Any CPU.Build.0 = Debug|Any CPU
		{EDB1F9E1-E3DC-4E78-B14B-3BA27C4B3F6D}.DebugMvasProd|Any CPU.ActiveCfg = Debug|Any CPU
		{EDB1F9E1-E3DC-4E78-B14B-3BA27C4B3F6D}.DebugMvasProd|Any CPU.Build.0 = Debug|Any CPU
		{EDB1F9E1-E3DC-4E78-B14B-3BA27C4B3F6D}.MvasProd|Any CPU.ActiveCfg = Debug|Any CPU
		{EDB1F9E1-E3DC-4E78-B14B-3BA27C4B3F6D}.MvasProd|Any CPU.Build.0 = Debug|Any CPU
		{EDB1F9E1-E3DC-4E78-B14B-3BA27C4B3F6D}.MvasProdDebug|Any CPU.ActiveCfg = Debug|Any CPU
		{EDB1F9E1-E3DC-4E78-B14B-3BA27C4B3F6D}.MvasProdDebug|Any CPU.Build.0 = Debug|Any CPU
		{EDB1F9E1-E3DC-4E78-B14B-3BA27C4B3F6D}.MvasTest|Any CPU.ActiveCfg = Debug|Any CPU
		{EDB1F9E1-E3DC-4E78-B14B-3BA27C4B3F6D}.MvasTest|Any CPU.Build.0 = Debug|Any CPU
		{EDB1F9E1-E3DC-4E78-B14B-3BA27C4B3F6D}.Release|Any CPU.ActiveCfg = Release|Any CPU
		{EDB1F9E1-E3DC-4E78-B14B-3BA27C4B3F6D}.Release|Any CPU.Build.0 = Release|Any CPU
		{94A79B8F-3604-423B-A6AC-1E1D19B11DB5}.Debug|Any CPU.ActiveCfg = Debug|Any CPU
		{94A79B8F-3604-423B-A6AC-1E1D19B11DB5}.Debug|Any CPU.Build.0 = Debug|Any CPU
		{94A79B8F-3604-423B-A6AC-1E1D19B11DB5}.DebugMvasProd|Any CPU.ActiveCfg = Debug|Any CPU
		{94A79B8F-3604-423B-A6AC-1E1D19B11DB5}.DebugMvasProd|Any CPU.Build.0 = Debug|Any CPU
		{94A79B8F-3604-423B-A6AC-1E1D19B11DB5}.MvasProd|Any CPU.ActiveCfg = Debug|Any CPU
		{94A79B8F-3604-423B-A6AC-1E1D19B11DB5}.MvasProd|Any CPU.Build.0 = Debug|Any CPU
		{94A79B8F-3604-423B-A6AC-1E1D19B11DB5}.MvasProdDebug|Any CPU.ActiveCfg = Debug|Any CPU
		{94A79B8F-3604-423B-A6AC-1E1D19B11DB5}.MvasProdDebug|Any CPU.Build.0 = Debug|Any CPU
		{94A79B8F-3604-423B-A6AC-1E1D19B11DB5}.MvasTest|Any CPU.ActiveCfg = Debug|Any CPU
		{94A79B8F-3604-423B-A6AC-1E1D19B11DB5}.MvasTest|Any CPU.Build.0 = Debug|Any CPU
		{94A79B8F-3604-423B-A6AC-1E1D19B11DB5}.Release|Any CPU.ActiveCfg = Release|Any CPU
		{94A79B8F-3604-423B-A6AC-1E1D19B11DB5}.Release|Any CPU.Build.0 = Release|Any CPU
		{C564A533-4296-4437-8D36-76983793E580}.Debug|Any CPU.ActiveCfg = Debug|Any CPU
		{C564A533-4296-4437-8D36-76983793E580}.Debug|Any CPU.Build.0 = Debug|Any CPU
		{C564A533-4296-4437-8D36-76983793E580}.DebugMvasProd|Any CPU.ActiveCfg = Debug|Any CPU
		{C564A533-4296-4437-8D36-76983793E580}.DebugMvasProd|Any CPU.Build.0 = Debug|Any CPU
		{C564A533-4296-4437-8D36-76983793E580}.MvasProd|Any CPU.ActiveCfg = Debug|Any CPU
		{C564A533-4296-4437-8D36-76983793E580}.MvasProd|Any CPU.Build.0 = Debug|Any CPU
		{C564A533-4296-4437-8D36-76983793E580}.MvasProdDebug|Any CPU.ActiveCfg = Debug|Any CPU
		{C564A533-4296-4437-8D36-76983793E580}.MvasProdDebug|Any CPU.Build.0 = Debug|Any CPU
		{C564A533-4296-4437-8D36-76983793E580}.MvasTest|Any CPU.ActiveCfg = Debug|Any CPU
		{C564A533-4296-4437-8D36-76983793E580}.MvasTest|Any CPU.Build.0 = Debug|Any CPU
		{C564A533-4296-4437-8D36-76983793E580}.Release|Any CPU.ActiveCfg = Release|Any CPU
		{C564A533-4296-4437-8D36-76983793E580}.Release|Any CPU.Build.0 = Release|Any CPU
		{132D225F-CD88-4841-B489-4B12ED7FCC31}.Debug|Any CPU.ActiveCfg = Debug|Any CPU
		{132D225F-CD88-4841-B489-4B12ED7FCC31}.Debug|Any CPU.Build.0 = Debug|Any CPU
		{132D225F-CD88-4841-B489-4B12ED7FCC31}.DebugMvasProd|Any CPU.ActiveCfg = DebugMvasProd|Any CPU
		{132D225F-CD88-4841-B489-4B12ED7FCC31}.DebugMvasProd|Any CPU.Build.0 = DebugMvasProd|Any CPU
		{132D225F-CD88-4841-B489-4B12ED7FCC31}.MvasProd|Any CPU.ActiveCfg = MvasProd|Any CPU
		{132D225F-CD88-4841-B489-4B12ED7FCC31}.MvasProd|Any CPU.Build.0 = MvasProd|Any CPU
		{132D225F-CD88-4841-B489-4B12ED7FCC31}.MvasProdDebug|Any CPU.ActiveCfg = Debug|Any CPU
		{132D225F-CD88-4841-B489-4B12ED7FCC31}.MvasProdDebug|Any CPU.Build.0 = Debug|Any CPU
		{132D225F-CD88-4841-B489-4B12ED7FCC31}.MvasTest|Any CPU.ActiveCfg = MvasTest|Any CPU
		{132D225F-CD88-4841-B489-4B12ED7FCC31}.MvasTest|Any CPU.Build.0 = MvasTest|Any CPU
		{132D225F-CD88-4841-B489-4B12ED7FCC31}.Release|Any CPU.ActiveCfg = Release|Any CPU
		{132D225F-CD88-4841-B489-4B12ED7FCC31}.Release|Any CPU.Build.0 = Release|Any CPU
		{7F634D5F-97E1-49E2-8EFE-42F042B3334E}.Debug|Any CPU.ActiveCfg = Debug|Any CPU
		{7F634D5F-97E1-49E2-8EFE-42F042B3334E}.Debug|Any CPU.Build.0 = Debug|Any CPU
		{7F634D5F-97E1-49E2-8EFE-42F042B3334E}.DebugMvasProd|Any CPU.ActiveCfg = Debug|Any CPU
		{7F634D5F-97E1-49E2-8EFE-42F042B3334E}.DebugMvasProd|Any CPU.Build.0 = Debug|Any CPU
		{7F634D5F-97E1-49E2-8EFE-42F042B3334E}.MvasProd|Any CPU.ActiveCfg = Debug|Any CPU
		{7F634D5F-97E1-49E2-8EFE-42F042B3334E}.MvasProd|Any CPU.Build.0 = Debug|Any CPU
		{7F634D5F-97E1-49E2-8EFE-42F042B3334E}.MvasProdDebug|Any CPU.ActiveCfg = Debug|Any CPU
		{7F634D5F-97E1-49E2-8EFE-42F042B3334E}.MvasProdDebug|Any CPU.Build.0 = Debug|Any CPU
		{7F634D5F-97E1-49E2-8EFE-42F042B3334E}.MvasTest|Any CPU.ActiveCfg = Debug|Any CPU
		{7F634D5F-97E1-49E2-8EFE-42F042B3334E}.MvasTest|Any CPU.Build.0 = Debug|Any CPU
		{7F634D5F-97E1-49E2-8EFE-42F042B3334E}.Release|Any CPU.ActiveCfg = Release|Any CPU
		{7F634D5F-97E1-49E2-8EFE-42F042B3334E}.Release|Any CPU.Build.0 = Release|Any CPU
		{35CE4262-D6E3-4A42-995E-6BC936E165DF}.Debug|Any CPU.ActiveCfg = Debug|Any CPU
		{35CE4262-D6E3-4A42-995E-6BC936E165DF}.Debug|Any CPU.Build.0 = Debug|Any CPU
		{35CE4262-D6E3-4A42-995E-6BC936E165DF}.DebugMvasProd|Any CPU.ActiveCfg = Debug|Any CPU
		{35CE4262-D6E3-4A42-995E-6BC936E165DF}.DebugMvasProd|Any CPU.Build.0 = Debug|Any CPU
		{35CE4262-D6E3-4A42-995E-6BC936E165DF}.MvasProd|Any CPU.ActiveCfg = Debug|Any CPU
		{35CE4262-D6E3-4A42-995E-6BC936E165DF}.MvasProd|Any CPU.Build.0 = Debug|Any CPU
		{35CE4262-D6E3-4A42-995E-6BC936E165DF}.MvasProdDebug|Any CPU.ActiveCfg = Debug|Any CPU
		{35CE4262-D6E3-4A42-995E-6BC936E165DF}.MvasProdDebug|Any CPU.Build.0 = Debug|Any CPU
		{35CE4262-D6E3-4A42-995E-6BC936E165DF}.MvasTest|Any CPU.ActiveCfg = Debug|Any CPU
		{35CE4262-D6E3-4A42-995E-6BC936E165DF}.MvasTest|Any CPU.Build.0 = Debug|Any CPU
		{35CE4262-D6E3-4A42-995E-6BC936E165DF}.Release|Any CPU.ActiveCfg = Release|Any CPU
		{35CE4262-D6E3-4A42-995E-6BC936E165DF}.Release|Any CPU.Build.0 = Release|Any CPU
		{AA00DCC0-85D3-4FCD-9E20-A1B76E4EC7AB}.Debug|Any CPU.ActiveCfg = Debug|Any CPU
		{AA00DCC0-85D3-4FCD-9E20-A1B76E4EC7AB}.Debug|Any CPU.Build.0 = Debug|Any CPU
		{AA00DCC0-85D3-4FCD-9E20-A1B76E4EC7AB}.DebugMvasProd|Any CPU.ActiveCfg = Debug|Any CPU
		{AA00DCC0-85D3-4FCD-9E20-A1B76E4EC7AB}.DebugMvasProd|Any CPU.Build.0 = Debug|Any CPU
		{AA00DCC0-85D3-4FCD-9E20-A1B76E4EC7AB}.MvasProd|Any CPU.ActiveCfg = Debug|Any CPU
		{AA00DCC0-85D3-4FCD-9E20-A1B76E4EC7AB}.MvasProd|Any CPU.Build.0 = Debug|Any CPU
		{AA00DCC0-85D3-4FCD-9E20-A1B76E4EC7AB}.MvasProdDebug|Any CPU.ActiveCfg = Debug|Any CPU
		{AA00DCC0-85D3-4FCD-9E20-A1B76E4EC7AB}.MvasProdDebug|Any CPU.Build.0 = Debug|Any CPU
		{AA00DCC0-85D3-4FCD-9E20-A1B76E4EC7AB}.MvasTest|Any CPU.ActiveCfg = Debug|Any CPU
		{AA00DCC0-85D3-4FCD-9E20-A1B76E4EC7AB}.MvasTest|Any CPU.Build.0 = Debug|Any CPU
		{AA00DCC0-85D3-4FCD-9E20-A1B76E4EC7AB}.Release|Any CPU.ActiveCfg = Release|Any CPU
		{AA00DCC0-85D3-4FCD-9E20-A1B76E4EC7AB}.Release|Any CPU.Build.0 = Release|Any CPU
	EndGlobalSection
	GlobalSection(SolutionProperties) = preSolution
		HideSolutionNode = FALSE
	EndGlobalSection
	GlobalSection(NestedProjects) = preSolution
		{56F544A1-C8D2-4282-825A-71D2CC369A29} = {9E7E6D08-CF0A-457F-AA5D-B0D40223B152}
		{828EC2CD-7D76-4541-8F06-B31E73601609} = {00F3111B-5104-4C7D-90A0-B287E2D3907E}
		{BE87B82B-230F-48E4-AF41-C59D31E76DA1} = {00F3111B-5104-4C7D-90A0-B287E2D3907E}
		{C4900299-8A17-4962-8E1D-FE6793F34406} = {9E7E6D08-CF0A-457F-AA5D-B0D40223B152}
		{18174580-3FC3-4A10-9E50-C328603BF656} = {00F3111B-5104-4C7D-90A0-B287E2D3907E}
		{8D8C5BAA-6660-4D99-889B-301DDA952EC6} = {F21956B6-C281-4E18-8DA3-1DB0FCF6C5BD}
		{0868F547-F2AB-4BB5-AD56-B1A6D31F8F93} = {F21956B6-C281-4E18-8DA3-1DB0FCF6C5BD}
		{24FE6BFA-ED67-4582-AC73-4BF65D332216} = {F21956B6-C281-4E18-8DA3-1DB0FCF6C5BD}
		{C2B34086-50BA-4CE5-A242-6C9CBDB69971} = {F21956B6-C281-4E18-8DA3-1DB0FCF6C5BD}
		{3D11A1A6-698E-47D3-B1AB-AF80BB62408B} = {9E7E6D08-CF0A-457F-AA5D-B0D40223B152}
		{C359A55F-F29D-4B9D-905E-39F94684674D} = {9E7E6D08-CF0A-457F-AA5D-B0D40223B152}
		{FADACD04-2834-48EA-9223-6315ECA4EB09} = {F21956B6-C281-4E18-8DA3-1DB0FCF6C5BD}
		{EDB1F9E1-E3DC-4E78-B14B-3BA27C4B3F6D} = {F21956B6-C281-4E18-8DA3-1DB0FCF6C5BD}
		{94A79B8F-3604-423B-A6AC-1E1D19B11DB5} = {00F3111B-5104-4C7D-90A0-B287E2D3907E}
		{132D225F-CD88-4841-B489-4B12ED7FCC31} = {8EEB1389-C1B4-4F96-A56F-E490CFB79E43}
		{7F634D5F-97E1-49E2-8EFE-42F042B3334E} = {F21956B6-C281-4E18-8DA3-1DB0FCF6C5BD}
		{35CE4262-D6E3-4A42-995E-6BC936E165DF} = {00F3111B-5104-4C7D-90A0-B287E2D3907E}
		{AA00DCC0-85D3-4FCD-9E20-A1B76E4EC7AB} = {9E7E6D08-CF0A-457F-AA5D-B0D40223B152}
	EndGlobalSection
	GlobalSection(ExtensibilityGlobals) = postSolution
		SolutionGuid = {E5F53985-85A1-4331-8B7B-9085660D79F6}
	EndGlobalSection
EndGlobal
